
Microsoft Visual Studio Solution File, Format Version 12.00
# Visual Studio Version 16
VisualStudioVersion = 16.0.32126.315
MinimumVisualStudioVersion = 10.0.40219.1
Project("{9A19103F-16F7-4668-BE54-9A1E7A4F7556}") = "FitnessApp.BL", "FitnessApp.BL\FitnessApp.BL.csproj", "{00D00BD2-340F-4A43-9E9F-5121A419B786}"
EndProject
Project("{9A19103F-16F7-4668-BE54-9A1E7A4F7556}") = "FitnessApp.CMD", "FitnessApp.CMD\FitnessApp.CMD.csproj", "{C6D41755-2BF2-4979-880E-BB91B516D760}"
EndProject
Project("{9A19103F-16F7-4668-BE54-9A1E7A4F7556}") = "FitnessApp.BLTests", "FitnessApp.BLTests\FitnessApp.BLTests.csproj", "{C4ABC7E7-EBDD-4AAB-9B1B-95702B9EAFFC}"
EndProject
Global
	GlobalSection(SolutionConfigurationPlatforms) = preSolution
		Debug|Any CPU = Debug|Any CPU
		Release|Any CPU = Release|Any CPU
	EndGlobalSection
	GlobalSection(ProjectConfigurationPlatforms) = postSolution
		{00D00BD2-340F-4A43-9E9F-5121A419B786}.Debug|Any CPU.ActiveCfg = Debug|Any CPU
		{00D00BD2-340F-4A43-9E9F-5121A419B786}.Debug|Any CPU.Build.0 = Debug|Any CPU
		{00D00BD2-340F-4A43-9E9F-5121A419B786}.Release|Any CPU.ActiveCfg = Release|Any CPU
		{00D00BD2-340F-4A43-9E9F-5121A419B786}.Release|Any CPU.Build.0 = Release|Any CPU
		{C6D41755-2BF2-4979-880E-BB91B516D760}.Debug|Any CPU.ActiveCfg = Debug|Any CPU
		{C6D41755-2BF2-4979-880E-BB91B516D760}.Debug|Any CPU.Build.0 = Debug|Any CPU
		{C6D41755-2BF2-4979-880E-BB91B516D760}.Release|Any CPU.ActiveCfg = Release|Any CPU
		{C6D41755-2BF2-4979-880E-BB91B516D760}.Release|Any CPU.Build.0 = Release|Any CPU
		{C4ABC7E7-EBDD-4AAB-9B1B-95702B9EAFFC}.Debug|Any CPU.ActiveCfg = Debug|Any CPU
		{C4ABC7E7-EBDD-4AAB-9B1B-95702B9EAFFC}.Debug|Any CPU.Build.0 = Debug|Any CPU
		{C4ABC7E7-EBDD-4AAB-9B1B-95702B9EAFFC}.Release|Any CPU.ActiveCfg = Release|Any CPU
		{C4ABC7E7-EBDD-4AAB-9B1B-95702B9EAFFC}.Release|Any CPU.Build.0 = Release|Any CPU
	EndGlobalSection
	GlobalSection(SolutionProperties) = preSolution
		HideSolutionNode = FALSE
	EndGlobalSection
	GlobalSection(ExtensibilityGlobals) = postSolution
		SolutionGuid = {7B806487-F28A-423D-81A9-C9629D88B222}
	EndGlobalSection
EndGlobal
